Microsoft Visual Studio Solution File, Format Version 12.00
# Visual Studio Version 17
VisualStudioVersion = 17.5.2.0
MinimumVisualStudioVersion = 10.0.40219.1
Project("{FAE04EC0-301F-11D3-BF4B-00C04F79EFBC}") = "SmartFactory.Inventory.UI", "SmartFactory.Inventory.UI.csproj", "{D513F846-002E-05CE-5A55-62DF699F894C}"
EndProject
Global
	GlobalSection(SolutionConfigurationPlatforms) = preSolution
		Debug|Any CPU = Debug|Any CPU
		Release|Any CPU = Release|Any CPU
	EndGlobalSection
	GlobalSection(ProjectConfigurationPlatforms) = postSolution
		{D513F846-002E-05CE-5A55-62DF699F894C}.Debug|Any CPU.ActiveCfg = Debug|Any CPU
		{D513F846-002E-05CE-5A55-62DF699F894C}.Debug|Any CPU.Build.0 = Debug|Any CPU
		{D513F846-002E-05CE-5A55-62DF699F894C}.Release|Any CPU.ActiveCfg = Release|Any CPU
		{D513F846-002E-05CE-5A55-62DF699F894C}.Release|Any CPU.Build.0 = Release|Any CPU
	EndGlobalSection
	GlobalSection(SolutionProperties) = preSolution
		HideSolutionNode = FALSE
	EndGlobalSection
	GlobalSection(ExtensibilityGlobals) = postSolution
		SolutionGuid = {E9C49EEB-CCBA-4FDD-BB99-B558A42A8F24}
	EndGlobalSection
EndGlobal
